
Microsoft Visual Studio Solution File, Format Version 12.00
# Visual Studio Version 17
VisualStudioVersion = 17.5.002.0
MinimumVisualStudioVersion = 10.0.40219.1
Project("{9A19103F-16F7-4668-BE54-9A1E7A4F7556}") = "Task26", "Task26\Task26.csproj", "{2BF9906A-FBB2-485F-B05B-7EA9CD787C15}"
EndProject
Global
	GlobalSection(SolutionConfigurationPlatforms) = preSolution
		Debug|Any CPU = Debug|Any CPU
		Release|Any CPU = Release|Any CPU
	EndGlobalSection
	GlobalSection(ProjectConfigurationPlatforms) = postSolution
		{2BF9906A-FBB2-485F-B05B-7EA9CD787C15}.Debug|Any CPU.ActiveCfg = Debug|Any CPU
		{2BF9906A-FBB2-485F-B05B-7EA9CD787C15}.Debug|Any CPU.Build.0 = Debug|Any CPU
		{2BF9906A-FBB2-485F-B05B-7EA9CD787C15}.Release|Any CPU.ActiveCfg = Release|Any CPU
		{2BF9906A-FBB2-485F-B05B-7EA9CD787C15}.Release|Any CPU.Build.0 = Release|Any CPU
	EndGlobalSection
	GlobalSection(SolutionProperties) = preSolution
		HideSolutionNode = FALSE
	EndGlobalSection
	GlobalSection(ExtensibilityGlobals) = postSolution
		SolutionGuid = {BC4DB6E9-DAB8-490F-85FE-8DAA8AAB7164}
	EndGlobalSection
EndGlobal
